
Microsoft Visual Studio Solution File, Format Version 12.00
# Visual Studio Version 16
VisualStudioVersion = 16.0.31507.150
MinimumVisualStudioVersion = 10.0.40219.1
Project("{FAE04EC0-301F-11D3-BF4B-00C04F79EFBC}") = "svg2pngMagickNet", "svg2pngMagickNet\svg2pngMagickNet.csproj", "{69AB7D48-BAFC-4D25-A20E-9A38BEFBA0EA}"
EndProject
Global
	GlobalSection(SolutionConfigurationPlatforms) = preSolution
		Debug|Any CPU = Debug|Any CPU
		Release|Any CPU = Release|Any CPU
	EndGlobalSection
	GlobalSection(ProjectConfigurationPlatforms) = postSolution
		{69AB7D48-BAFC-4D25-A20E-9A38BEFBA0EA}.Debug|Any CPU.ActiveCfg = Debug|Any CPU
		{69AB7D48-BAFC-4D25-A20E-9A38BEFBA0EA}.Debug|Any CPU.Build.0 = Debug|Any CPU
		{69AB7D48-BAFC-4D25-A20E-9A38BEFBA0EA}.Release|Any CPU.ActiveCfg = Release|Any CPU
		{69AB7D48-BAFC-4D25-A20E-9A38BEFBA0EA}.Release|Any CPU.Build.0 = Release|Any CPU
	EndGlobalSection
	GlobalSection(SolutionProperties) = preSolution
		HideSolutionNode = FALSE
	EndGlobalSection
	GlobalSection(ExtensibilityGlobals) = postSolution
		SolutionGuid = {3C85BDDD-BBBC-48C5-92DA-FE3B226BA3F8}
	EndGlobalSection
EndGlobal
